{
  "name": "@bztes/svelte-rip",
  "version": "0.3.0",
  "lockfileVersion": 2,
  "requires": true,
  "packages": {
    "": {
      "name": "@bztes/svelte-rip",
      "version": "0.3.0",
      "license": "ISC",
      "devDependencies": {
        "blurhash": "^1.1.0",
        "svelte": "^3.38.0"
      }
    },
    "node_modules/blurhash": {
      "version": "1.1.4",
      "resolved": "https://registry.npmjs.org/blurhash/-/blurhash-1.1.4.tgz",
      "integrity": "sha512-MXIPz6zwYUKayju+Uidf83KhH0vodZfeRl6Ich8Gu+KGl0JgKiFq9LsfqV7cVU5fKD/AotmduZqvOfrGKOfTaA==",
      "dev": true
    },
    "node_modules/svelte": {
      "version": "3.44.2",
      "resolved": "https://registry.npmjs.org/svelte/-/svelte-3.44.2.tgz",
      "integrity": "sha512-jrZhZtmH3ZMweXg1Q15onb8QlWD+a5T5Oca4C1jYvSURp2oD35h4A5TV6t6MEa93K4LlX6BkafZPdQoFjw/ylA==",
      "dev": true,
      "engines": {
        "node": ">= 8"
      }
    }
  },
  "dependencies": {
    "blurhash": {
      "version": "1.1.4",
      "resolved": "https://registry.npmjs.org/blurhash/-/blurhash-1.1.4.tgz",
      "integrity": "sha512-MXIPz6zwYUKayju+Uidf83KhH0vodZfeRl6Ich8Gu+KGl0JgKiFq9LsfqV7cVU5fKD/AotmduZqvOfrGKOfTaA==",
      "dev": true
    },
    "svelte": {
      "version": "3.44.2",
      "resolved": "https://registry.npmjs.org/svelte/-/svelte-3.44.2.tgz",
      "integrity": "sha512-jrZhZtmH3ZMweXg1Q15onb8QlWD+a5T5Oca4C1jYvSURp2oD35h4A5TV6t6MEa93K4LlX6BkafZPdQoFjw/ylA==",
      "dev": true
    }
  }
}
